// !$*UTF8*$!
{
	archiveVersion = 1;
	classes = {
	};
	objectVersion = 56;
	objects = {

/* Begin PBXBuildFile section */
		8300AA292D3677DB00C26475 /* LoginViewController+Preview.swift in Sources */ = {isa = PBXBuildFile; fileRef = 8300AA282D3677DB00C26475 /* LoginViewController+Preview.swift */; };
		8300AA2C2D3688E500C26475 /* String+Extension.swift in Sources */ = {isa = PBXBuildFile; fileRef = 8300AA2B2D3688E500C26475 /* String+Extension.swift */; };
		83BE42962D3BB42000747D3F /* SetPasswordViewController.swift in Sources */ = {isa = PBXBuildFile; fileRef = 83BE42952D3BB42000747D3F /* SetPasswordViewController.swift */; };
		83BE429A2D3BB4CA00747D3F /* NotiSettingViewController.swift in Sources */ = {isa = PBXBuildFile; fileRef = 83BE42992D3BB4CA00747D3F /* NotiSettingViewController.swift */; };
		83BE429C2D3BB4E000747D3F /* NotiChangeViewController.swift in Sources */ = {isa = PBXBuildFile; fileRef = 83BE429B2D3BB4E000747D3F /* NotiChangeViewController.swift */; };
		83BE429E2D3BB4EE00747D3F /* AppInfoViewController.swift in Sources */ = {isa = PBXBuildFile; fileRef = 83BE429D2D3BB4EE00747D3F /* AppInfoViewController.swift */; };
		83BE42A02D3BB4FC00747D3F /* AppInfoDetailViewController.swift in Sources */ = {isa = PBXBuildFile; fileRef = 83BE429F2D3BB4FC00747D3F /* AppInfoDetailViewController.swift */; };
		83BE42A22D3BB58800747D3F /* SettingMainViewModel.swift in Sources */ = {isa = PBXBuildFile; fileRef = 83BE42A12D3BB58800747D3F /* SettingMainViewModel.swift */; };
		83BE42A42D3BB82B00747D3F /* NotiSettingViewModel.swift in Sources */ = {isa = PBXBuildFile; fileRef = 83BE42A32D3BB82B00747D3F /* NotiSettingViewModel.swift */; };
		83BE42A62D3BB8FB00747D3F /* LockSettingViewModel.swift in Sources */ = {isa = PBXBuildFile; fileRef = 83BE42A52D3BB8FB00747D3F /* LockSettingViewModel.swift */; };
		83BE42A82D3BB90E00747D3F /* AppInfoViewModel.swift in Sources */ = {isa = PBXBuildFile; fileRef = 83BE42A72D3BB90E00747D3F /* AppInfoViewModel.swift */; };
		83D6054F2D3527F600BFCE9E /* AppDelegate.swift in Sources */ = {isa = PBXBuildFile; fileRef = 83D6054E2D3527F600BFCE9E /* AppDelegate.swift */; };
		83D605532D3527F600BFCE9E /* MessageListViewController.swift in Sources */ = {isa = PBXBuildFile; fileRef = 83D605522D3527F600BFCE9E /* MessageListViewController.swift */; };
		83D605592D3527F600BFCE9E /* PushMessenger.xcdatamodeld in Sources */ = {isa = PBXBuildFile; fileRef = 83D605572D3527F600BFCE9E /* PushMessenger.xcdatamodeld */; };
		83D6055B2D3527F700BFCE9E /* Assets.xcassets in Resources */ = {isa = PBXBuildFile; fileRef = 83D6055A2D3527F700BFCE9E /* Assets.xcassets */; };
		83D6055E2D3527F700BFCE9E /* LaunchScreen.storyboard in Resources */ = {isa = PBXBuildFile; fileRef = 83D6055C2D3527F700BFCE9E /* LaunchScreen.storyboard */; };
		83D605692D3527F700BFCE9E /* PushMessengerTests.swift in Sources */ = {isa = PBXBuildFile; fileRef = 83D605682D3527F700BFCE9E /* PushMessengerTests.swift */; };
		83D605732D3527F700BFCE9E /* PushMessengerUITests.swift in Sources */ = {isa = PBXBuildFile; fileRef = 83D605722D3527F700BFCE9E /* PushMessengerUITests.swift */; };
		83D605752D3527F700BFCE9E /* PushMessengerUITestsLaunchTests.swift in Sources */ = {isa = PBXBuildFile; fileRef = 83D605742D3527F700BFCE9E /* PushMessengerUITestsLaunchTests.swift */; };
		83D605882D35299B00BFCE9E /* MessageSceneDIContainer.swift in Sources */ = {isa = PBXBuildFile; fileRef = 83D605872D35299B00BFCE9E /* MessageSceneDIContainer.swift */; };
		83D6058A2D3529AA00BFCE9E /* SettingSceneDIContainer.swift in Sources */ = {isa = PBXBuildFile; fileRef = 83D605892D3529AA00BFCE9E /* SettingSceneDIContainer.swift */; };
		83D6058C2D3529CA00BFCE9E /* AppFlowCoordinator.swift in Sources */ = {isa = PBXBuildFile; fileRef = 83D6058B2D3529CA00BFCE9E /* AppFlowCoordinator.swift */; };
		83D6058E2D3529E700BFCE9E /* AppConfigurations.swift in Sources */ = {isa = PBXBuildFile; fileRef = 83D6058D2D3529E700BFCE9E /* AppConfigurations.swift */; };
		83D605912D352A3300BFCE9E /* StoryboardInstantiable.swift in Sources */ = {isa = PBXBuildFile; fileRef = 83D605902D352A3300BFCE9E /* StoryboardInstantiable.swift */; };
		83D605952D352B2C00BFCE9E /* MessageFlowCoordinator.swift in Sources */ = {isa = PBXBuildFile; fileRef = 83D605942D352B2C00BFCE9E /* MessageFlowCoordinator.swift */; };
		83D605972D352B3B00BFCE9E /* SettingFlowCoordinator.swift in Sources */ = {isa = PBXBuildFile; fileRef = 83D605962D352B3B00BFCE9E /* SettingFlowCoordinator.swift */; };
		83D6059D2D352C6000BFCE9E /* AppDIContainer.swift in Sources */ = {isa = PBXBuildFile; fileRef = 83D6059C2D352C6000BFCE9E /* AppDIContainer.swift */; };
		83D605A02D352D7A00BFCE9E /* LoginSceneDIContainer.swift in Sources */ = {isa = PBXBuildFile; fileRef = 83D6059F2D352D7A00BFCE9E /* LoginSceneDIContainer.swift */; };
		83D605A22D352E1500BFCE9E /* LoginFlowCoordinator.swift in Sources */ = {isa = PBXBuildFile; fileRef = 83D605A12D352E1500BFCE9E /* LoginFlowCoordinator.swift */; };
		83D605A52D352F6400BFCE9E /* MainTabBarController.swift in Sources */ = {isa = PBXBuildFile; fileRef = 83D605A42D352F6400BFCE9E /* MainTabBarController.swift */; };
		83D605A92D352FFB00BFCE9E /* UIColor+init.swift in Sources */ = {isa = PBXBuildFile; fileRef = 83D605A82D352FFB00BFCE9E /* UIColor+init.swift */; };
		83D605B02D3532C900BFCE9E /* LoginViewController.swift in Sources */ = {isa = PBXBuildFile; fileRef = 83D605AF2D3532C900BFCE9E /* LoginViewController.swift */; };
		83D605B22D3532D700BFCE9E /* LockViewController.swift in Sources */ = {isa = PBXBuildFile; fileRef = 83D605B12D3532D700BFCE9E /* LockViewController.swift */; };
		83D605B42D35349800BFCE9E /* MessageListViewModel.swift in Sources */ = {isa = PBXBuildFile; fileRef = 83D605B32D35349800BFCE9E /* MessageListViewModel.swift */; };
		83D605B62D35369A00BFCE9E /* MessageDetailViewController.swift in Sources */ = {isa = PBXBuildFile; fileRef = 83D605B52D35369A00BFCE9E /* MessageDetailViewController.swift */; };
		83D605B82D3536A800BFCE9E /* MessageDetailViewModel.swift in Sources */ = {isa = PBXBuildFile; fileRef = 83D605B72D3536A800BFCE9E /* MessageDetailViewModel.swift */; };
		83D605BB2D353D7900BFCE9E /* LoginViewModel.swift in Sources */ = {isa = PBXBuildFile; fileRef = 83D605BA2D353D7900BFCE9E /* LoginViewModel.swift */; };
		83D605BD2D353D8400BFCE9E /* LockViewModel.swift in Sources */ = {isa = PBXBuildFile; fileRef = 83D605BC2D353D8400BFCE9E /* LockViewModel.swift */; };
		83D605BF2D35544800BFCE9E /* UIStackView+init.swift in Sources */ = {isa = PBXBuildFile; fileRef = 83D605BE2D35544800BFCE9E /* UIStackView+init.swift */; };
		83D605C32D3554B000BFCE9E /* SnapKit in Frameworks */ = {isa = PBXBuildFile; productRef = 83D605C22D3554B000BFCE9E /* SnapKit */; };
		BCCDB16C2D35F62F0094661E /* Design.swift in Sources */ = {isa = PBXBuildFile; fileRef = BCCDB16B2D35F62F0094661E /* Design.swift */; };
		BCCDB16E2D35F7490094661E /* Localizable.xcstrings in Resources */ = {isa = PBXBuildFile; fileRef = BCCDB16D2D35F7490094661E /* Localizable.xcstrings */; };
		BCD4716C2D3A175B004BC5C0 /* Message.swift in Sources */ = {isa = PBXBuildFile; fileRef = BCD4716B2D3A175B004BC5C0 /* Message.swift */; };
		BCD4716E2D3A3F0D004BC5C0 /* SettingMainViewController.swift in Sources */ = {isa = PBXBuildFile; fileRef = BCD4716D2D3A3F0D004BC5C0 /* SettingMainViewController.swift */; };
		BCD471702D3A4648004BC5C0 /* ScreenLockViewController.swift in Sources */ = {isa = PBXBuildFile; fileRef = BCD4716F2D3A4648004BC5C0 /* ScreenLockViewController.swift */; };
/* End PBXBuildFile section */

/* Begin PBXContainerItemProxy section */
		83D605652D3527F700BFCE9E /* PBXContainerItemProxy */ = {
			isa = PBXContainerItemProxy;
			containerPortal = 83D605432D3527F600BFCE9E /* Project object */;
			proxyType = 1;
			remoteGlobalIDString = 83D6054A2D3527F600BFCE9E;
			remoteInfo = PushMessenger;
		};
		83D6056F2D3527F700BFCE9E /* PBXContainerItemProxy */ = {
			isa = PBXContainerItemProxy;
			containerPortal = 83D605432D3527F600BFCE9E /* Project object */;
			proxyType = 1;
			remoteGlobalIDString = 83D6054A2D3527F600BFCE9E;
			remoteInfo = PushMessenger;
		};
/* End PBXContainerItemProxy section */

/* Begin PBXFileReference section */
		8300AA282D3677DB00C26475 /* LoginViewController+Preview.swift */ = {isa = PBXFileReference; lastKnownFileType = sourcecode.swift; path = "LoginViewController+Preview.swift"; sourceTree = "<group>"; };
		8300AA2B2D3688E500C26475 /* String+Extension.swift */ = {isa = PBXFileReference; lastKnownFileType = sourcecode.swift; path = "String+Extension.swift"; sourceTree = "<group>"; };
		83BE42952D3BB42000747D3F /* SetPasswordViewController.swift */ = {isa = PBXFileReference; lastKnownFileType = sourcecode.swift; name = SetPasswordViewController.swift; path = PushMessenger/Util/SetPasswordViewController.swift; sourceTree = SOURCE_ROOT; };
		83BE42992D3BB4CA00747D3F /* NotiSettingViewController.swift */ = {isa = PBXFileReference; lastKnownFileType = sourcecode.swift; path = NotiSettingViewController.swift; sourceTree = "<group>"; };
		83BE429B2D3BB4E000747D3F /* NotiChangeViewController.swift */ = {isa = PBXFileReference; lastKnownFileType = sourcecode.swift; path = NotiChangeViewController.swift; sourceTree = "<group>"; };
		83BE429D2D3BB4EE00747D3F /* AppInfoViewController.swift */ = {isa = PBXFileReference; lastKnownFileType = sourcecode.swift; path = AppInfoViewController.swift; sourceTree = "<group>"; };
		83BE429F2D3BB4FC00747D3F /* AppInfoDetailViewController.swift */ = {isa = PBXFileReference; lastKnownFileType = sourcecode.swift; path = AppInfoDetailViewController.swift; sourceTree = "<group>"; };
		83BE42A12D3BB58800747D3F /* SettingMainViewModel.swift */ = {isa = PBXFileReference; lastKnownFileType = sourcecode.swift; name = SettingMainViewModel.swift; path = PushMessenger/Presentation/SettingScene/AppInfo/SettingMainViewModel.swift; sourceTree = SOURCE_ROOT; };
		83BE42A32D3BB82B00747D3F /* NotiSettingViewModel.swift */ = {isa = PBXFileReference; lastKnownFileType = sourcecode.swift; path = NotiSettingViewModel.swift; sourceTree = "<group>"; };
		83BE42A52D3BB8FB00747D3F /* LockSettingViewModel.swift */ = {isa = PBXFileReference; lastKnownFileType = sourcecode.swift; name = LockSettingViewModel.swift; path = PushMessenger/Presentation/SettingScene/NotiSetting/LockSettingViewModel.swift; sourceTree = SOURCE_ROOT; };
		83BE42A72D3BB90E00747D3F /* AppInfoViewModel.swift */ = {isa = PBXFileReference; lastKnownFileType = sourcecode.swift; path = AppInfoViewModel.swift; sourceTree = "<group>"; };
		83D6054B2D3527F600BFCE9E /* PushMessenger.app */ = {isa = PBXFileReference; explicitFileType = wrapper.application; includeInIndex = 0; path = PushMessenger.app; sourceTree = BUILT_PRODUCTS_DIR; };
		83D6054E2D3527F600BFCE9E /* AppDelegate.swift */ = {isa = PBXFileReference; lastKnownFileType = sourcecode.swift; path = AppDelegate.swift; sourceTree = "<group>"; };
		83D605522D3527F600BFCE9E /* MessageListViewController.swift */ = {isa = PBXFileReference; lastKnownFileType = sourcecode.swift; path = MessageListViewController.swift; sourceTree = "<group>"; };
		83D605582D3527F600BFCE9E /* PushMessenger.xcdatamodel */ = {isa = PBXFileReference; lastKnownFileType = wrapper.xcdatamodel; path = PushMessenger.xcdatamodel; sourceTree = "<group>"; };
		83D6055A2D3527F700BFCE9E /* Assets.xcassets */ = {isa = PBXFileReference; lastKnownFileType = folder.assetcatalog; path = Assets.xcassets; sourceTree = "<group>"; };
		83D6055D2D3527F700BFCE9E /* Base */ = {isa = PBXFileReference; lastKnownFileType = file.storyboard; name = Base; path = Base.lproj/LaunchScreen.storyboard; sourceTree = "<group>"; };
		83D6055F2D3527F700BFCE9E /* Info.plist */ = {isa = PBXFileReference; lastKnownFileType = text.plist.xml; path = Info.plist; sourceTree = "<group>"; };
		83D605642D3527F700BFCE9E /* PushMessengerTests.xctest */ = {isa = PBXFileReference; explicitFileType = wrapper.cfbundle; includeInIndex = 0; path = PushMessengerTests.xctest; sourceTree = BUILT_PRODUCTS_DIR; };
		83D605682D3527F700BFCE9E /* PushMessengerTests.swift */ = {isa = PBXFileReference; lastKnownFileType = sourcecode.swift; path = PushMessengerTests.swift; sourceTree = "<group>"; };
		83D6056E2D3527F700BFCE9E /* PushMessengerUITests.xctest */ = {isa = PBXFileReference; explicitFileType = wrapper.cfbundle; includeInIndex = 0; path = PushMessengerUITests.xctest; sourceTree = BUILT_PRODUCTS_DIR; };
		83D605722D3527F700BFCE9E /* PushMessengerUITests.swift */ = {isa = PBXFileReference; lastKnownFileType = sourcecode.swift; path = PushMessengerUITests.swift; sourceTree = "<group>"; };
		83D605742D3527F700BFCE9E /* PushMessengerUITestsLaunchTests.swift */ = {isa = PBXFileReference; lastKnownFileType = sourcecode.swift; path = PushMessengerUITestsLaunchTests.swift; sourceTree = "<group>"; };
		83D605872D35299B00BFCE9E /* MessageSceneDIContainer.swift */ = {isa = PBXFileReference; lastKnownFileType = sourcecode.swift; path = MessageSceneDIContainer.swift; sourceTree = "<group>"; };
		83D605892D3529AA00BFCE9E /* SettingSceneDIContainer.swift */ = {isa = PBXFileReference; lastKnownFileType = sourcecode.swift; path = SettingSceneDIContainer.swift; sourceTree = "<group>"; };
		83D6058B2D3529CA00BFCE9E /* AppFlowCoordinator.swift */ = {isa = PBXFileReference; lastKnownFileType = sourcecode.swift; path = AppFlowCoordinator.swift; sourceTree = "<group>"; };
		83D6058D2D3529E700BFCE9E /* AppConfigurations.swift */ = {isa = PBXFileReference; lastKnownFileType = sourcecode.swift; path = AppConfigurations.swift; sourceTree = "<group>"; };
		83D605902D352A3300BFCE9E /* StoryboardInstantiable.swift */ = {isa = PBXFileReference; lastKnownFileType = sourcecode.swift; path = StoryboardInstantiable.swift; sourceTree = "<group>"; };
		83D605942D352B2C00BFCE9E /* MessageFlowCoordinator.swift */ = {isa = PBXFileReference; lastKnownFileType = sourcecode.swift; path = MessageFlowCoordinator.swift; sourceTree = "<group>"; };
		83D605962D352B3B00BFCE9E /* SettingFlowCoordinator.swift */ = {isa = PBXFileReference; lastKnownFileType = sourcecode.swift; path = SettingFlowCoordinator.swift; sourceTree = "<group>"; };
		83D6059C2D352C6000BFCE9E /* AppDIContainer.swift */ = {isa = PBXFileReference; lastKnownFileType = sourcecode.swift; path = AppDIContainer.swift; sourceTree = "<group>"; };
		83D6059F2D352D7A00BFCE9E /* LoginSceneDIContainer.swift */ = {isa = PBXFileReference; lastKnownFileType = sourcecode.swift; path = LoginSceneDIContainer.swift; sourceTree = "<group>"; };
		83D605A12D352E1500BFCE9E /* LoginFlowCoordinator.swift */ = {isa = PBXFileReference; lastKnownFileType = sourcecode.swift; path = LoginFlowCoordinator.swift; sourceTree = "<group>"; };
		83D605A42D352F6400BFCE9E /* MainTabBarController.swift */ = {isa = PBXFileReference; lastKnownFileType = sourcecode.swift; path = MainTabBarController.swift; sourceTree = "<group>"; };
		83D605A82D352FFB00BFCE9E /* UIColor+init.swift */ = {isa = PBXFileReference; lastKnownFileType = sourcecode.swift; path = "UIColor+init.swift"; sourceTree = "<group>"; };
		83D605AF2D3532C900BFCE9E /* LoginViewController.swift */ = {isa = PBXFileReference; lastKnownFileType = sourcecode.swift; path = LoginViewController.swift; sourceTree = "<group>"; };
		83D605B12D3532D700BFCE9E /* LockViewController.swift */ = {isa = PBXFileReference; lastKnownFileType = sourcecode.swift; path = LockViewController.swift; sourceTree = "<group>"; };
		83D605B32D35349800BFCE9E /* MessageListViewModel.swift */ = {isa = PBXFileReference; lastKnownFileType = sourcecode.swift; path = MessageListViewModel.swift; sourceTree = "<group>"; };
		83D605B52D35369A00BFCE9E /* MessageDetailViewController.swift */ = {isa = PBXFileReference; lastKnownFileType = sourcecode.swift; path = MessageDetailViewController.swift; sourceTree = "<group>"; };
		83D605B72D3536A800BFCE9E /* MessageDetailViewModel.swift */ = {isa = PBXFileReference; lastKnownFileType = sourcecode.swift; path = MessageDetailViewModel.swift; sourceTree = "<group>"; };
		83D605BA2D353D7900BFCE9E /* LoginViewModel.swift */ = {isa = PBXFileReference; lastKnownFileType = sourcecode.swift; path = LoginViewModel.swift; sourceTree = "<group>"; };
		83D605BC2D353D8400BFCE9E /* LockViewModel.swift */ = {isa = PBXFileReference; lastKnownFileType = sourcecode.swift; path = LockViewModel.swift; sourceTree = "<group>"; };
		83D605BE2D35544800BFCE9E /* UIStackView+init.swift */ = {isa = PBXFileReference; lastKnownFileType = sourcecode.swift; path = "UIStackView+init.swift"; sourceTree = "<group>"; };
		BCCDB16B2D35F62F0094661E /* Design.swift */ = {isa = PBXFileReference; lastKnownFileType = sourcecode.swift; path = Design.swift; sourceTree = "<group>"; };
		BCCDB16D2D35F7490094661E /* Localizable.xcstrings */ = {isa = PBXFileReference; lastKnownFileType = text.json.xcstrings; path = Localizable.xcstrings; sourceTree = "<group>"; };
		BCD4716B2D3A175B004BC5C0 /* Message.swift */ = {isa = PBXFileReference; lastKnownFileType = sourcecode.swift; path = Message.swift; sourceTree = "<group>"; };
		BCD4716D2D3A3F0D004BC5C0 /* SettingMainViewController.swift */ = {isa = PBXFileReference; lastKnownFileType = sourcecode.swift; name = SettingMainViewController.swift; path = PushMessenger/Domain/Entities/SettingMainViewController.swift; sourceTree = SOURCE_ROOT; };
		BCD4716F2D3A4648004BC5C0 /* ScreenLockViewController.swift */ = {isa = PBXFileReference; lastKnownFileType = sourcecode.swift; name = ScreenLockViewController.swift; path = PushMessenger/Domain/Entities/ScreenLockViewController.swift; sourceTree = SOURCE_ROOT; };
/* End PBXFileReference section */

/* Begin PBXFrameworksBuildPhase section */
		83D605482D3527F600BFCE9E /* Frameworks */ = {
			isa = PBXFrameworksBuildPhase;
			buildActionMask = 2147483647;
			files = (
				83D605C32D3554B000BFCE9E /* SnapKit in Frameworks */,
			);
			runOnlyForDeploymentPostprocessing = 0;
		};
		83D605612D3527F700BFCE9E /* Frameworks */ = {
			isa = PBXFrameworksBuildPhase;
			buildActionMask = 2147483647;
			files = (
			);
			runOnlyForDeploymentPostprocessing = 0;
		};
		83D6056B2D3527F700BFCE9E /* Frameworks */ = {
			isa = PBXFrameworksBuildPhase;
			buildActionMask = 2147483647;
			files = (
			);
			runOnlyForDeploymentPostprocessing = 0;
		};
/* End PBXFrameworksBuildPhase section */

/* Begin PBXGroup section */
		8300AA2A2D3688A500C26475 /* Util */ = {
			isa = PBXGroup;
			children = (
				8300AA2B2D3688E500C26475 /* String+Extension.swift */,
			);
			path = Util;
			sourceTree = "<group>";
		};
		83BE42972D3BB44200747D3F /* NotiSetting */ = {
			isa = PBXGroup;
			children = (
				83BE42992D3BB4CA00747D3F /* NotiSettingViewController.swift */,
				83BE429B2D3BB4E000747D3F /* NotiChangeViewController.swift */,
				83BE42A32D3BB82B00747D3F /* NotiSettingViewModel.swift */,
			);
			path = NotiSetting;
			sourceTree = "<group>";
		};
		83BE42982D3BB45A00747D3F /* AppInfo */ = {
			isa = PBXGroup;
			children = (
				83BE429D2D3BB4EE00747D3F /* AppInfoViewController.swift */,
				83BE429F2D3BB4FC00747D3F /* AppInfoDetailViewController.swift */,
				83BE42A72D3BB90E00747D3F /* AppInfoViewModel.swift */,
			);
			path = AppInfo;
			sourceTree = "<group>";
		};
		83D605422D3527F600BFCE9E = {
			isa = PBXGroup;
			children = (
				83D6054D2D3527F600BFCE9E /* PushMessenger */,
				83D605672D3527F700BFCE9E /* PushMessengerTests */,
				83D605712D3527F700BFCE9E /* PushMessengerUITests */,
				83D6054C2D3527F600BFCE9E /* Products */,
				83D605C12D3554B000BFCE9E /* Frameworks */,
			);
			sourceTree = "<group>";
		};
		83D6054C2D3527F600BFCE9E /* Products */ = {
			isa = PBXGroup;
			children = (
				83D6054B2D3527F600BFCE9E /* PushMessenger.app */,
				83D605642D3527F700BFCE9E /* PushMessengerTests.xctest */,
				83D6056E2D3527F700BFCE9E /* PushMessengerUITests.xctest */,
			);
			name = Products;
			sourceTree = "<group>";
		};
		83D6054D2D3527F600BFCE9E /* PushMessenger */ = {
			isa = PBXGroup;
			children = (
				83D605842D35283100BFCE9E /* Application */,
				83D605832D35282A00BFCE9E /* Presentation */,
				83D605822D35282300BFCE9E /* Domain */,
				83D605812D35281A00BFCE9E /* Data */,
				8300AA2A2D3688A500C26475 /* Util */,
				83D605852D35283900BFCE9E /* Resource */,
			);
			path = PushMessenger;
			sourceTree = "<group>";
		};
		83D605672D3527F700BFCE9E /* PushMessengerTests */ = {
			isa = PBXGroup;
			children = (
				83D605682D3527F700BFCE9E /* PushMessengerTests.swift */,
			);
			path = PushMessengerTests;
			sourceTree = "<group>";
		};
		83D605712D3527F700BFCE9E /* PushMessengerUITests */ = {
			isa = PBXGroup;
			children = (
				83D605722D3527F700BFCE9E /* PushMessengerUITests.swift */,
				83D605742D3527F700BFCE9E /* PushMessengerUITestsLaunchTests.swift */,
			);
			path = PushMessengerUITests;
			sourceTree = "<group>";
		};
		83D605812D35281A00BFCE9E /* Data */ = {
			isa = PBXGroup;
			children = (
				83D605572D3527F600BFCE9E /* PushMessenger.xcdatamodeld */,
			);
			path = Data;
			sourceTree = "<group>";
		};
		83D605822D35282300BFCE9E /* Domain */ = {
			isa = PBXGroup;
			children = (
				BCD4716A2D3A1745004BC5C0 /* Entities */,
			);
			path = Domain;
			sourceTree = "<group>";
		};
		83D605832D35282A00BFCE9E /* Presentation */ = {
			isa = PBXGroup;
			children = (
				83D6059E2D352D6200BFCE9E /* LoginScene */,
				83D605932D352AB000BFCE9E /* MessageScene */,
				83D605922D352AA500BFCE9E /* SettingScene */,
				83D6058F2D352A1200BFCE9E /* Utils */,
			);
			path = Presentation;
			sourceTree = "<group>";
		};
		83D605842D35283100BFCE9E /* Application */ = {
			isa = PBXGroup;
			children = (
				83D6054E2D3527F600BFCE9E /* AppDelegate.swift */,
				83D6058B2D3529CA00BFCE9E /* AppFlowCoordinator.swift */,
				83D6058D2D3529E700BFCE9E /* AppConfigurations.swift */,
				83D605862D35291200BFCE9E /* DIContainer */,
			);
			path = Application;
			sourceTree = "<group>";
		};
		83D605852D35283900BFCE9E /* Resource */ = {
			isa = PBXGroup;
			children = (
				83D6055F2D3527F700BFCE9E /* Info.plist */,
				83D6055A2D3527F700BFCE9E /* Assets.xcassets */,
				83D6055C2D3527F700BFCE9E /* LaunchScreen.storyboard */,
				BCCDB16B2D35F62F0094661E /* Design.swift */,
				BCCDB16D2D35F7490094661E /* Localizable.xcstrings */,
			);
			path = Resource;
			sourceTree = "<group>";
		};
		83D605862D35291200BFCE9E /* DIContainer */ = {
			isa = PBXGroup;
			children = (
				83D6059C2D352C6000BFCE9E /* AppDIContainer.swift */,
				83D6059F2D352D7A00BFCE9E /* LoginSceneDIContainer.swift */,
				83D605872D35299B00BFCE9E /* MessageSceneDIContainer.swift */,
				83D605892D3529AA00BFCE9E /* SettingSceneDIContainer.swift */,
			);
			path = DIContainer;
			sourceTree = "<group>";
		};
		83D6058F2D352A1200BFCE9E /* Utils */ = {
			isa = PBXGroup;
			children = (
				83D605A72D352FE100BFCE9E /* Extension */,
				83D605A62D352F6E00BFCE9E /* Protocol */,
				83D605A32D352F4300BFCE9E /* Inheritances */,
			);
			path = Utils;
			sourceTree = "<group>";
		};
		83D605922D352AA500BFCE9E /* SettingScene */ = {
			isa = PBXGroup;
			children = (
				83D605962D352B3B00BFCE9E /* SettingFlowCoordinator.swift */,
				83D6059A2D352B9800BFCE9E /* SettingMain */,
				83D6059B2D352BA600BFCE9E /* LockSetting */,
				83BE42972D3BB44200747D3F /* NotiSetting */,
				83BE42982D3BB45A00747D3F /* AppInfo */,
			);
			path = SettingScene;
			sourceTree = "<group>";
		};
		83D605932D352AB000BFCE9E /* MessageScene */ = {
			isa = PBXGroup;
			children = (
				83D605942D352B2C00BFCE9E /* MessageFlowCoordinator.swift */,
				83D605982D352B4700BFCE9E /* MessageList */,
				83D605992D352B6200BFCE9E /* MessageDetail */,
			);
			path = MessageScene;
			sourceTree = "<group>";
		};
		83D605982D352B4700BFCE9E /* MessageList */ = {
			isa = PBXGroup;
			children = (
				83D605522D3527F600BFCE9E /* MessageListViewController.swift */,
				83D605B32D35349800BFCE9E /* MessageListViewModel.swift */,
			);
			path = MessageList;
			sourceTree = "<group>";
		};
		83D605992D352B6200BFCE9E /* MessageDetail */ = {
			isa = PBXGroup;
			children = (
				83D605B52D35369A00BFCE9E /* MessageDetailViewController.swift */,
				83D605B72D3536A800BFCE9E /* MessageDetailViewModel.swift */,
			);
			path = MessageDetail;
			sourceTree = "<group>";
		};
		83D6059A2D352B9800BFCE9E /* SettingMain */ = {
			isa = PBXGroup;
			children = (
				BCD4716D2D3A3F0D004BC5C0 /* SettingMainViewController.swift */,
				83BE42A12D3BB58800747D3F /* SettingMainViewModel.swift */,
			);
			path = SettingMain;
			sourceTree = "<group>";
		};
		83D6059B2D352BA600BFCE9E /* LockSetting */ = {
			isa = PBXGroup;
			children = (
				BCD4716F2D3A4648004BC5C0 /* ScreenLockViewController.swift */,
				83BE42952D3BB42000747D3F /* SetPasswordViewController.swift */,
				83BE42A52D3BB8FB00747D3F /* LockSettingViewModel.swift */,
			);
			path = LockSetting;
			sourceTree = "<group>";
		};
		83D6059E2D352D6200BFCE9E /* LoginScene */ = {
			isa = PBXGroup;
			children = (
				83D605A12D352E1500BFCE9E /* LoginFlowCoordinator.swift */,
				83D605AC2D35326900BFCE9E /* Login */,
				83D605AD2D35327400BFCE9E /* Lock */,
			);
			path = LoginScene;
			sourceTree = "<group>";
		};
		83D605A32D352F4300BFCE9E /* Inheritances */ = {
			isa = PBXGroup;
			children = (
				83D605A42D352F6400BFCE9E /* MainTabBarController.swift */,
			);
			path = Inheritances;
			sourceTree = "<group>";
		};
		83D605A62D352F6E00BFCE9E /* Protocol */ = {
			isa = PBXGroup;
			children = (
				83D605902D352A3300BFCE9E /* StoryboardInstantiable.swift */,
			);
			path = Protocol;
			sourceTree = "<group>";
		};
		83D605A72D352FE100BFCE9E /* Extension */ = {
			isa = PBXGroup;
			children = (
				83D605A82D352FFB00BFCE9E /* UIColor+init.swift */,
				83D605BE2D35544800BFCE9E /* UIStackView+init.swift */,
				8300AA282D3677DB00C26475 /* LoginViewController+Preview.swift */,
			);
			path = Extension;
			sourceTree = "<group>";
		};
		83D605AC2D35326900BFCE9E /* Login */ = {
			isa = PBXGroup;
			children = (
				83D605AF2D3532C900BFCE9E /* LoginViewController.swift */,
				83D605BA2D353D7900BFCE9E /* LoginViewModel.swift */,
			);
			path = Login;
			sourceTree = "<group>";
		};
		83D605AD2D35327400BFCE9E /* Lock */ = {
			isa = PBXGroup;
			children = (
				83D605B12D3532D700BFCE9E /* LockViewController.swift */,
				83D605BC2D353D8400BFCE9E /* LockViewModel.swift */,
			);
			path = Lock;
			sourceTree = "<group>";
		};
		83D605C12D3554B000BFCE9E /* Frameworks */ = {
			isa = PBXGroup;
			children = (
			);
			name = Frameworks;
			sourceTree = "<group>";
		};
		BCD4716A2D3A1745004BC5C0 /* Entities */ = {
			isa = PBXGroup;
			children = (
				BCD4716B2D3A175B004BC5C0 /* Message.swift */,
			);
			path = Entities;
			sourceTree = "<group>";
		};
/* End PBXGroup section */

/* Begin PBXNativeTarget section */
		83D6054A2D3527F600BFCE9E /* PushMessenger */ = {
			isa = PBXNativeTarget;
			buildConfigurationList = 83D605782D3527F700BFCE9E /* Build configuration list for PBXNativeTarget "PushMessenger" */;
			buildPhases = (
				83D605472D3527F600BFCE9E /* Sources */,
				83D605482D3527F600BFCE9E /* Frameworks */,
				83D605492D3527F600BFCE9E /* Resources */,
			);
			buildRules = (
			);
			dependencies = (
			);
			name = PushMessenger;
			packageProductDependencies = (
				83D605C22D3554B000BFCE9E /* SnapKit */,
			);
			productName = PushMessenger;
			productReference = 83D6054B2D3527F600BFCE9E /* PushMessenger.app */;
			productType = "com.apple.product-type.application";
		};
		83D605632D3527F700BFCE9E /* PushMessengerTests */ = {
			isa = PBXNativeTarget;
			buildConfigurationList = 83D6057B2D3527F700BFCE9E /* Build configuration list for PBXNativeTarget "PushMessengerTests" */;
			buildPhases = (
				83D605602D3527F700BFCE9E /* Sources */,
				83D605612D3527F700BFCE9E /* Frameworks */,
				83D605622D3527F700BFCE9E /* Resources */,
			);
			buildRules = (
			);
			dependencies = (
				83D605662D3527F700BFCE9E /* PBXTargetDependency */,
			);
			name = PushMessengerTests;
			productName = PushMessengerTests;
			productReference = 83D605642D3527F700BFCE9E /* PushMessengerTests.xctest */;
			productType = "com.apple.product-type.bundle.unit-test";
		};
		83D6056D2D3527F700BFCE9E /* PushMessengerUITests */ = {
			isa = PBXNativeTarget;
			buildConfigurationList = 83D6057E2D3527F700BFCE9E /* Build configuration list for PBXNativeTarget "PushMessengerUITests" */;
			buildPhases = (
				83D6056A2D3527F700BFCE9E /* Sources */,
				83D6056B2D3527F700BFCE9E /* Frameworks */,
				83D6056C2D3527F700BFCE9E /* Resources */,
			);
			buildRules = (
			);
			dependencies = (
				83D605702D3527F700BFCE9E /* PBXTargetDependency */,
			);
			name = PushMessengerUITests;
			productName = PushMessengerUITests;
			productReference = 83D6056E2D3527F700BFCE9E /* PushMessengerUITests.xctest */;
			productType = "com.apple.product-type.bundle.ui-testing";
		};
/* End PBXNativeTarget section */

/* Begin PBXProject section */
		83D605432D3527F600BFCE9E /* Project object */ = {
			isa = PBXProject;
			attributes = {
				BuildIndependentTargetsInParallel = 1;
				LastSwiftUpdateCheck = 1500;
				LastUpgradeCheck = 1500;
				TargetAttributes = {
					83D6054A2D3527F600BFCE9E = {
						CreatedOnToolsVersion = 15.0.1;
					};
					83D605632D3527F700BFCE9E = {
						CreatedOnToolsVersion = 15.0.1;
						TestTargetID = 83D6054A2D3527F600BFCE9E;
					};
					83D6056D2D3527F700BFCE9E = {
						CreatedOnToolsVersion = 15.0.1;
						TestTargetID = 83D6054A2D3527F600BFCE9E;
					};
				};
			};
			buildConfigurationList = 83D605462D3527F600BFCE9E /* Build configuration list for PBXProject "PushMessenger" */;
			compatibilityVersion = "Xcode 14.0";
			developmentRegion = en;
			hasScannedForEncodings = 0;
			knownRegions = (
				en,
				Base,
				ko,
			);
			mainGroup = 83D605422D3527F600BFCE9E;
			packageReferences = (
				83D605C02D35548400BFCE9E /* XCRemoteSwiftPackageReference "SnapKit" */,
			);
			productRefGroup = 83D6054C2D3527F600BFCE9E /* Products */;
			projectDirPath = "";
			projectRoot = "";
			targets = (
				83D6054A2D3527F600BFCE9E /* PushMessenger */,
				83D605632D3527F700BFCE9E /* PushMessengerTests */,
				83D6056D2D3527F700BFCE9E /* PushMessengerUITests */,
			);
		};
/* End PBXProject section */

/* Begin PBXResourcesBuildPhase section */
		83D605492D3527F600BFCE9E /* Resources */ = {
			isa = PBXResourcesBuildPhase;
			buildActionMask = 2147483647;
			files = (
				83D6055E2D3527F700BFCE9E /* LaunchScreen.storyboard in Resources */,
				83D6055B2D3527F700BFCE9E /* Assets.xcassets in Resources */,
				BCCDB16E2D35F7490094661E /* Localizable.xcstrings in Resources */,
			);
			runOnlyForDeploymentPostprocessing = 0;
		};
		83D605622D3527F700BFCE9E /* Resources */ = {
			isa = PBXResourcesBuildPhase;
			buildActionMask = 2147483647;
			files = (
			);
			runOnlyForDeploymentPostprocessing = 0;
		};
		83D6056C2D3527F700BFCE9E /* Resources */ = {
			isa = PBXResourcesBuildPhase;
			buildActionMask = 2147483647;
			files = (
			);
			runOnlyForDeploymentPostprocessing = 0;
		};
/* End PBXResourcesBuildPhase section */

/* Begin PBXSourcesBuildPhase section */
		83D605472D3527F600BFCE9E /* Sources */ = {
			isa = PBXSourcesBuildPhase;
			buildActionMask = 2147483647;
			files = (
				83D6059D2D352C6000BFCE9E /* AppDIContainer.swift in Sources */,
				83D605B22D3532D700BFCE9E /* LockViewController.swift in Sources */,
				83D605BD2D353D8400BFCE9E /* LockViewModel.swift in Sources */,
				83D605952D352B2C00BFCE9E /* MessageFlowCoordinator.swift in Sources */,
				83D605532D3527F600BFCE9E /* MessageListViewController.swift in Sources */,
				BCD471702D3A4648004BC5C0 /* ScreenLockViewController.swift in Sources */,
				83D6054F2D3527F600BFCE9E /* AppDelegate.swift in Sources */,
				83D605B62D35369A00BFCE9E /* MessageDetailViewController.swift in Sources */,
				83D605592D3527F600BFCE9E /* PushMessenger.xcdatamodeld in Sources */,
				83BE42A02D3BB4FC00747D3F /* AppInfoDetailViewController.swift in Sources */,
				83D605A02D352D7A00BFCE9E /* LoginSceneDIContainer.swift in Sources */,
				BCCDB16C2D35F62F0094661E /* Design.swift in Sources */,
				83D605882D35299B00BFCE9E /* MessageSceneDIContainer.swift in Sources */,
				83D605972D352B3B00BFCE9E /* SettingFlowCoordinator.swift in Sources */,
				83BE429A2D3BB4CA00747D3F /* NotiSettingViewController.swift in Sources */,
				83D605A52D352F6400BFCE9E /* MainTabBarController.swift in Sources */,
				83BE42A62D3BB8FB00747D3F /* LockSettingViewModel.swift in Sources */,
				83BE42962D3BB42000747D3F /* SetPasswordViewController.swift in Sources */,
				83D6058C2D3529CA00BFCE9E /* AppFlowCoordinator.swift in Sources */,
				83D605A22D352E1500BFCE9E /* LoginFlowCoordinator.swift in Sources */,
				83BE42A22D3BB58800747D3F /* SettingMainViewModel.swift in Sources */,
				83D6058A2D3529AA00BFCE9E /* SettingSceneDIContainer.swift in Sources */,
				BCD4716E2D3A3F0D004BC5C0 /* SettingMainViewController.swift in Sources */,
				83D605B02D3532C900BFCE9E /* LoginViewController.swift in Sources */,
				83D605B42D35349800BFCE9E /* MessageListViewModel.swift in Sources */,
				8300AA2C2D3688E500C26475 /* String+Extension.swift in Sources */,
				83D605912D352A3300BFCE9E /* StoryboardInstantiable.swift in Sources */,
				83BE429C2D3BB4E000747D3F /* NotiChangeViewController.swift in Sources */,
				83D6058E2D3529E700BFCE9E /* AppConfigurations.swift in Sources */,
				BCD4716C2D3A175B004BC5C0 /* Message.swift in Sources */,
				83D605A92D352FFB00BFCE9E /* UIColor+init.swift in Sources */,
				83BE429E2D3BB4EE00747D3F /* AppInfoViewController.swift in Sources */,
				83BE42A82D3BB90E00747D3F /* AppInfoViewModel.swift in Sources */,
				83D605B82D3536A800BFCE9E /* MessageDetailViewModel.swift in Sources */,
				8300AA292D3677DB00C26475 /* LoginViewController+Preview.swift in Sources */,
				83BE42A42D3BB82B00747D3F /* NotiSettingViewModel.swift in Sources */,
				83D605BB2D353D7900BFCE9E /* LoginViewModel.swift in Sources */,
				83D605BF2D35544800BFCE9E /* UIStackView+init.swift in Sources */,
			);
			runOnlyForDeploymentPostprocessing = 0;
		};
		83D605602D3527F700BFCE9E /* Sources */ = {
			isa = PBXSourcesBuildPhase;
			buildActionMask = 2147483647;
			files = (
				83D605692D3527F700BFCE9E /* PushMessengerTests.swift in Sources */,
			);
			runOnlyForDeploymentPostprocessing = 0;
		};
		83D6056A2D3527F700BFCE9E /* Sources */ = {
			isa = PBXSourcesBuildPhase;
			buildActionMask = 2147483647;
			files = (
				83D605752D3527F700BFCE9E /* PushMessengerUITestsLaunchTests.swift in Sources */,
				83D605732D3527F700BFCE9E /* PushMessengerUITests.swift in Sources */,
			);
			runOnlyForDeploymentPostprocessing = 0;
		};
/* End PBXSourcesBuildPhase section */

/* Begin PBXTargetDependency section */
		83D605662D3527F700BFCE9E /* PBXTargetDependency */ = {
			isa = PBXTargetDependency;
			target = 83D6054A2D3527F600BFCE9E /* PushMessenger */;
			targetProxy = 83D605652D3527F700BFCE9E /* PBXContainerItemProxy */;
		};
		83D605702D3527F700BFCE9E /* PBXTargetDependency */ = {
			isa = PBXTargetDependency;
			target = 83D6054A2D3527F600BFCE9E /* PushMessenger */;
			targetProxy = 83D6056F2D3527F700BFCE9E /* PBXContainerItemProxy */;
		};
/* End PBXTargetDependency section */

/* Begin PBXVariantGroup section */
		83D6055C2D3527F700BFCE9E /* LaunchScreen.storyboard */ = {
			isa = PBXVariantGroup;
			children = (
				83D6055D2D3527F700BFCE9E /* Base */,
			);
			name = LaunchScreen.storyboard;
			sourceTree = "<group>";
		};
/* End PBXVariantGroup section */

/* Begin XCBuildConfiguration section */
		83D605762D3527F700BFCE9E /* Debug */ = {
			isa = XCBuildConfiguration;
			buildSettings = {
				ALWAYS_SEARCH_USER_PATHS = NO;
				ASSETCATALOG_COMPILER_GENERATE_SWIFT_ASSET_SYMBOL_EXTENSIONS = YES;
				CLANG_ANALYZER_NONNULL = YES;
				CLANG_ANALYZER_NUMBER_OBJECT_CONVERSION = YES_AGGRESSIVE;
				CLANG_CXX_LANGUAGE_STANDARD = "gnu++20";
				CLANG_ENABLE_MODULES = YES;
				CLANG_ENABLE_OBJC_ARC = YES;
				CLANG_ENABLE_OBJC_WEAK = YES;
				CLANG_WARN_BLOCK_CAPTURE_AUTORELEASING = YES;
				CLANG_WARN_BOOL_CONVERSION = YES;
				CLANG_WARN_COMMA = YES;
				CLANG_WARN_CONSTANT_CONVERSION = YES;
				CLANG_WARN_DEPRECATED_OBJC_IMPLEMENTATIONS = YES;
				CLANG_WARN_DIRECT_OBJC_ISA_USAGE = YES_ERROR;
				CLANG_WARN_DOCUMENTATION_COMMENTS = YES;
				CLANG_WARN_EMPTY_BODY = YES;
				CLANG_WARN_ENUM_CONVERSION = YES;
				CLANG_WARN_INFINITE_RECURSION = YES;
				CLANG_WARN_INT_CONVERSION = YES;
				CLANG_WARN_NON_LITERAL_NULL_CONVERSION = YES;
				CLANG_WARN_OBJC_IMPLICIT_RETAIN_SELF = YES;
				CLANG_WARN_OBJC_LITERAL_CONVERSION = YES;
				CLANG_WARN_OBJC_ROOT_CLASS = YES_ERROR;
				CLANG_WARN_QUOTED_INCLUDE_IN_FRAMEWORK_HEADER = YES;
				CLANG_WARN_RANGE_LOOP_ANALYSIS = YES;
				CLANG_WARN_STRICT_PROTOTYPES = YES;
				CLANG_WARN_SUSPICIOUS_MOVE = YES;
				CLANG_WARN_UNGUARDED_AVAILABILITY = YES_AGGRESSIVE;
				CLANG_WARN_UNREACHABLE_CODE = YES;
				CLANG_WARN__DUPLICATE_METHOD_MATCH = YES;
				COPY_PHASE_STRIP = NO;
				DEBUG_INFORMATION_FORMAT = dwarf;
				ENABLE_STRICT_OBJC_MSGSEND = YES;
				ENABLE_TESTABILITY = YES;
				ENABLE_USER_SCRIPT_SANDBOXING = YES;
				GCC_C_LANGUAGE_STANDARD = gnu17;
				GCC_DYNAMIC_NO_PIC = NO;
				GCC_NO_COMMON_BLOCKS = YES;
				GCC_OPTIMIZATION_LEVEL = 0;
				GCC_PREPROCESSOR_DEFINITIONS = (
					"DEBUG=1",
					"$(inherited)",
				);
				GCC_WARN_64_TO_32_BIT_CONVERSION = YES;
				GCC_WARN_ABOUT_RETURN_TYPE = YES_ERROR;
				GCC_WARN_UNDECLARED_SELECTOR = YES;
				GCC_WARN_UNINITIALIZED_AUTOS = YES_AGGRESSIVE;
				GCC_WARN_UNUSED_FUNCTION = YES;
				GCC_WARN_UNUSED_VARIABLE = YES;
				IPHONEOS_DEPLOYMENT_TARGET = 17.0;
				LOCALIZATION_PREFERS_STRING_CATALOGS = YES;
				MTL_ENABLE_DEBUG_INFO = INCLUDE_SOURCE;
				MTL_FAST_MATH = YES;
				ONLY_ACTIVE_ARCH = YES;
				SDKROOT = iphoneos;
				SWIFT_ACTIVE_COMPILATION_CONDITIONS = "DEBUG $(inherited)";
				SWIFT_OPTIMIZATION_LEVEL = "-Onone";
			};
			name = Debug;
		};
		83D605772D3527F700BFCE9E /* Release */ = {
			isa = XCBuildConfiguration;
			buildSettings = {
				ALWAYS_SEARCH_USER_PATHS = NO;
				ASSETCATALOG_COMPILER_GENERATE_SWIFT_ASSET_SYMBOL_EXTENSIONS = YES;
				CLANG_ANALYZER_NONNULL = YES;
				CLANG_ANALYZER_NUMBER_OBJECT_CONVERSION = YES_AGGRESSIVE;
				CLANG_CXX_LANGUAGE_STANDARD = "gnu++20";
				CLANG_ENABLE_MODULES = YES;
				CLANG_ENABLE_OBJC_ARC = YES;
				CLANG_ENABLE_OBJC_WEAK = YES;
				CLANG_WARN_BLOCK_CAPTURE_AUTORELEASING = YES;
				CLANG_WARN_BOOL_CONVERSION = YES;
				CLANG_WARN_COMMA = YES;
				CLANG_WARN_CONSTANT_CONVERSION = YES;
				CLANG_WARN_DEPRECATED_OBJC_IMPLEMENTATIONS = YES;
				CLANG_WARN_DIRECT_OBJC_ISA_USAGE = YES_ERROR;
				CLANG_WARN_DOCUMENTATION_COMMENTS = YES;
				CLANG_WARN_EMPTY_BODY = YES;
				CLANG_WARN_ENUM_CONVERSION = YES;
				CLANG_WARN_INFINITE_RECURSION = YES;
				CLANG_WARN_INT_CONVERSION = YES;
				CLANG_WARN_NON_LITERAL_NULL_CONVERSION = YES;
				CLANG_WARN_OBJC_IMPLICIT_RETAIN_SELF = YES;
				CLANG_WARN_OBJC_LITERAL_CONVERSION = YES;
				CLANG_WARN_OBJC_ROOT_CLASS = YES_ERROR;
				CLANG_WARN_QUOTED_INCLUDE_IN_FRAMEWORK_HEADER = YES;
				CLANG_WARN_RANGE_LOOP_ANALYSIS = YES;
				CLANG_WARN_STRICT_PROTOTYPES = YES;
				CLANG_WARN_SUSPICIOUS_MOVE = YES;
				CLANG_WARN_UNGUARDED_AVAILABILITY = YES_AGGRESSIVE;
				CLANG_WARN_UNREACHABLE_CODE = YES;
				CLANG_WARN__DUPLICATE_METHOD_MATCH = YES;
				COPY_PHASE_STRIP = NO;
				DEBUG_INFORMATION_FORMAT = "dwarf-with-dsym";
				ENABLE_NS_ASSERTIONS = NO;
				ENABLE_STRICT_OBJC_MSGSEND = YES;
				ENABLE_USER_SCRIPT_SANDBOXING = YES;
				GCC_C_LANGUAGE_STANDARD = gnu17;
				GCC_NO_COMMON_BLOCKS = YES;
				GCC_WARN_64_TO_32_BIT_CONVERSION = YES;
				GCC_WARN_ABOUT_RETURN_TYPE = YES_ERROR;
				GCC_WARN_UNDECLARED_SELECTOR = YES;
				GCC_WARN_UNINITIALIZED_AUTOS = YES_AGGRESSIVE;
				GCC_WARN_UNUSED_FUNCTION = YES;
				GCC_WARN_UNUSED_VARIABLE = YES;
				IPHONEOS_DEPLOYMENT_TARGET = 17.0;
				LOCALIZATION_PREFERS_STRING_CATALOGS = YES;
				MTL_ENABLE_DEBUG_INFO = NO;
				MTL_FAST_MATH = YES;
				SDKROOT = iphoneos;
				SWIFT_COMPILATION_MODE = wholemodule;
				VALIDATE_PRODUCT = YES;
			};
			name = Release;
		};
		83D605792D3527F700BFCE9E /* Debug */ = {
			isa = XCBuildConfiguration;
			buildSettings = {
				ASSETCATALOG_COMPILER_APPICON_NAME = AppIcon;
				ASSETCATALOG_COMPILER_GLOBAL_ACCENT_COLOR_NAME = AccentColor;
				CODE_SIGN_STYLE = Automatic;
				CURRENT_PROJECT_VERSION = 1;
				DEVELOPMENT_TEAM = TV24D3P64X;
				GENERATE_INFOPLIST_FILE = YES;
				INFOPLIST_FILE = PushMessenger/Resource/Info.plist;
				INFOPLIST_KEY_UIApplicationSupportsIndirectInputEvents = YES;
				INFOPLIST_KEY_UILaunchStoryboardName = LaunchScreen;
				INFOPLIST_KEY_UIMainStoryboardFile = "";
				INFOPLIST_KEY_UISupportedInterfaceOrientations_iPad = "UIInterfaceOrientationPortrait UIInterfaceOrientationPortraitUpsideDown UIInterfaceOrientationLandscapeLeft UIInterfaceOrientationLandscapeRight";
				INFOPLIST_KEY_UISupportedInterfaceOrientations_iPhone = "UIInterfaceOrientationPortrait UIInterfaceOrientationLandscapeLeft UIInterfaceOrientationLandscapeRight";
				IPHONEOS_DEPLOYMENT_TARGET = 13.0;
				LD_RUNPATH_SEARCH_PATHS = (
					"$(inherited)",
					"@executable_path/Frameworks",
				);
				MARKETING_VERSION = 1.0;
				PRODUCT_BUNDLE_IDENTIFIER = com.haram.PushMessenger;
				PRODUCT_NAME = "$(TARGET_NAME)";
				SWIFT_EMIT_LOC_STRINGS = YES;
				SWIFT_VERSION = 5.0;
				TARGETED_DEVICE_FAMILY = "1,2";
			};
			name = Debug;
		};
		83D6057A2D3527F700BFCE9E /* Release */ = {
			isa = XCBuildConfiguration;
			buildSettings = {
				ASSETCATALOG_COMPILER_APPICON_NAME = AppIcon;
				ASSETCATALOG_COMPILER_GLOBAL_ACCENT_COLOR_NAME = AccentColor;
				CODE_SIGN_STYLE = Automatic;
				CURRENT_PROJECT_VERSION = 1;
				DEVELOPMENT_TEAM = TV24D3P64X;
				GENERATE_INFOPLIST_FILE = YES;
				INFOPLIST_FILE = PushMessenger/Resource/Info.plist;
				INFOPLIST_KEY_UIApplicationSupportsIndirectInputEvents = YES;
				INFOPLIST_KEY_UILaunchStoryboardName = LaunchScreen;
				INFOPLIST_KEY_UIMainStoryboardFile = "";
				INFOPLIST_KEY_UISupportedInterfaceOrientations_iPad = "UIInterfaceOrientationPortrait UIInterfaceOrientationPortraitUpsideDown UIInterfaceOrientationLandscapeLeft UIInterfaceOrientationLandscapeRight";
				INFOPLIST_KEY_UISupportedInterfaceOrientations_iPhone = "UIInterfaceOrientationPortrait UIInterfaceOrientationLandscapeLeft UIInterfaceOrientationLandscapeRight";
				IPHONEOS_DEPLOYMENT_TARGET = 13.0;
				LD_RUNPATH_SEARCH_PATHS = (
					"$(inherited)",
					"@executable_path/Frameworks",
				);
				MARKETING_VERSION = 1.0;
				PRODUCT_BUNDLE_IDENTIFIER = com.haram.PushMessenger;
				PRODUCT_NAME = "$(TARGET_NAME)";
				SWIFT_EMIT_LOC_STRINGS = YES;
				SWIFT_VERSION = 5.0;
				TARGETED_DEVICE_FAMILY = "1,2";
			};
			name = Release;
		};
		83D6057C2D3527F700BFCE9E /* Debug */ = {
			isa = XCBuildConfiguration;
			buildSettings = {
				ALWAYS_EMBED_SWIFT_STANDARD_LIBRARIES = YES;
				BUNDLE_LOADER = "$(TEST_HOST)";
				CODE_SIGN_STYLE = Automatic;
				CURRENT_PROJECT_VERSION = 1;
				DEVELOPMENT_TEAM = TV24D3P64X;
				GENERATE_INFOPLIST_FILE = YES;
				IPHONEOS_DEPLOYMENT_TARGET = 17.0;
				MARKETING_VERSION = 1.0;
				PRODUCT_BUNDLE_IDENTIFIER = com.haram.PushMessengerTests;
				PRODUCT_NAME = "$(TARGET_NAME)";
				SWIFT_EMIT_LOC_STRINGS = NO;
				SWIFT_VERSION = 5.0;
				TARGETED_DEVICE_FAMILY = "1,2";
				TEST_HOST = "$(BUILT_PRODUCTS_DIR)/PushMessenger.app/$(BUNDLE_EXECUTABLE_FOLDER_PATH)/PushMessenger";
			};
			name = Debug;
		};
		83D6057D2D3527F700BFCE9E /* Release */ = {
			isa = XCBuildConfiguration;
			buildSettings = {
				ALWAYS_EMBED_SWIFT_STANDARD_LIBRARIES = YES;
				BUNDLE_LOADER = "$(TEST_HOST)";
				CODE_SIGN_STYLE = Automatic;
				CURRENT_PROJECT_VERSION = 1;
				DEVELOPMENT_TEAM = TV24D3P64X;
				GENERATE_INFOPLIST_FILE = YES;
				IPHONEOS_DEPLOYMENT_TARGET = 17.0;
				MARKETING_VERSION = 1.0;
				PRODUCT_BUNDLE_IDENTIFIER = com.haram.PushMessengerTests;
				PRODUCT_NAME = "$(TARGET_NAME)";
				SWIFT_EMIT_LOC_STRINGS = NO;
				SWIFT_VERSION = 5.0;
				TARGETED_DEVICE_FAMILY = "1,2";
				TEST_HOST = "$(BUILT_PRODUCTS_DIR)/PushMessenger.app/$(BUNDLE_EXECUTABLE_FOLDER_PATH)/PushMessenger";
			};
			name = Release;
		};
		83D6057F2D3527F700BFCE9E /* Debug */ = {
			isa = XCBuildConfiguration;
			buildSettings = {
				ALWAYS_EMBED_SWIFT_STANDARD_LIBRARIES = YES;
				CODE_SIGN_STYLE = Automatic;
				CURRENT_PROJECT_VERSION = 1;
				DEVELOPMENT_TEAM = TV24D3P64X;
				GENERATE_INFOPLIST_FILE = YES;
				MARKETING_VERSION = 1.0;
				PRODUCT_BUNDLE_IDENTIFIER = com.haram.PushMessengerUITests;
				PRODUCT_NAME = "$(TARGET_NAME)";
				SWIFT_EMIT_LOC_STRINGS = NO;
				SWIFT_VERSION = 5.0;
				TARGETED_DEVICE_FAMILY = "1,2";
				TEST_TARGET_NAME = PushMessenger;
			};
			name = Debug;
		};
		83D605802D3527F700BFCE9E /* Release */ = {
			isa = XCBuildConfiguration;
			buildSettings = {
				ALWAYS_EMBED_SWIFT_STANDARD_LIBRARIES = YES;
				CODE_SIGN_STYLE = Automatic;
				CURRENT_PROJECT_VERSION = 1;
				DEVELOPMENT_TEAM = TV24D3P64X;
				GENERATE_INFOPLIST_FILE = YES;
				MARKETING_VERSION = 1.0;
				PRODUCT_BUNDLE_IDENTIFIER = com.haram.PushMessengerUITests;
				PRODUCT_NAME = "$(TARGET_NAME)";
				SWIFT_EMIT_LOC_STRINGS = NO;
				SWIFT_VERSION = 5.0;
				TARGETED_DEVICE_FAMILY = "1,2";
				TEST_TARGET_NAME = PushMessenger;
			};
			name = Release;
		};
/* End XCBuildConfiguration section */

/* Begin XCConfigurationList section */
		83D605462D3527F600BFCE9E /* Build configuration list for PBXProject "PushMessenger" */ = {
			isa = XCConfigurationList;
			buildConfigurations = (
				83D605762D3527F700BFCE9E /* Debug */,
				83D605772D3527F700BFCE9E /* Release */,
			);
			defaultConfigurationIsVisible = 0;
			defaultConfigurationName = Release;
		};
		83D605782D3527F700BFCE9E /* Build configuration list for PBXNativeTarget "PushMessenger" */ = {
			isa = XCConfigurationList;
			buildConfigurations = (
				83D605792D3527F700BFCE9E /* Debug */,
				83D6057A2D3527F700BFCE9E /* Release */,
			);
			defaultConfigurationIsVisible = 0;
			defaultConfigurationName = Release;
		};
		83D6057B2D3527F700BFCE9E /* Build configuration list for PBXNativeTarget "PushMessengerTests" */ = {
			isa = XCConfigurationList;
			buildConfigurations = (
				83D6057C2D3527F700BFCE9E /* Debug */,
				83D6057D2D3527F700BFCE9E /* Release */,
			);
			defaultConfigurationIsVisible = 0;
			defaultConfigurationName = Release;
		};
		83D6057E2D3527F700BFCE9E /* Build configuration list for PBXNativeTarget "PushMessengerUITests" */ = {
			isa = XCConfigurationList;
			buildConfigurations = (
				83D6057F2D3527F700BFCE9E /* Debug */,
				83D605802D3527F700BFCE9E /* Release */,
			);
			defaultConfigurationIsVisible = 0;
			defaultConfigurationName = Release;
		};
/* End XCConfigurationList section */

/* Begin XCRemoteSwiftPackageReference section */
		83D605C02D35548400BFCE9E /* XCRemoteSwiftPackageReference "SnapKit" */ = {
			isa = XCRemoteSwiftPackageReference;
			repositoryURL = "https://github.com/SnapKit/SnapKit.git";
			requirement = {
				kind = upToNextMajorVersion;
				minimumVersion = 5.7.1;
			};
		};
/* End XCRemoteSwiftPackageReference section */

/* Begin XCSwiftPackageProductDependency section */
		83D605C22D3554B000BFCE9E /* SnapKit */ = {
			isa = XCSwiftPackageProductDependency;
			package = 83D605C02D35548400BFCE9E /* XCRemoteSwiftPackageReference "SnapKit" */;
			productName = SnapKit;
		};
/* End XCSwiftPackageProductDependency section */

/* Begin XCVersionGroup section */
		83D605572D3527F600BFCE9E /* PushMessenger.xcdatamodeld */ = {
			isa = XCVersionGroup;
			children = (
				83D605582D3527F600BFCE9E /* PushMessenger.xcdatamodel */,
			);
			currentVersion = 83D605582D3527F600BFCE9E /* PushMessenger.xcdatamodel */;
			path = PushMessenger.xcdatamodeld;
			sourceTree = "<group>";
			versionGroupType = wrapper.xcdatamodel;
		};
/* End XCVersionGroup section */
	};
	rootObject = 83D605432D3527F600BFCE9E /* Project object */;
}
